Microsoft Visual Studio Solution File, Format Version 12.00
# Visual Studio Version 17
VisualStudioVersion = 17.5.2.0
MinimumVisualStudioVersion = 10.0.40219.1
Project("{FAE04EC0-301F-11D3-BF4B-00C04F79EFBC}") = "Desafios_inic_csharp", "Desafios_inic_csharp.csproj", "{38477C5A-9C38-B50C-14D3-2379B0EFFE86}"
EndProject
Global
	GlobalSection(SolutionConfigurationPlatforms) = preSolution
		Debug|Any CPU = Debug|Any CPU
		Release|Any CPU = Release|Any CPU
	EndGlobalSection
	GlobalSection(ProjectConfigurationPlatforms) = postSolution
		{38477C5A-9C38-B50C-14D3-2379B0EFFE86}.Debug|Any CPU.ActiveCfg = Debug|Any CPU
		{38477C5A-9C38-B50C-14D3-2379B0EFFE86}.Debug|Any CPU.Build.0 = Debug|Any CPU
		{38477C5A-9C38-B50C-14D3-2379B0EFFE86}.Release|Any CPU.ActiveCfg = Release|Any CPU
		{38477C5A-9C38-B50C-14D3-2379B0EFFE86}.Release|Any CPU.Build.0 = Release|Any CPU
	EndGlobalSection
	GlobalSection(SolutionProperties) = preSolution
		HideSolutionNode = FALSE
	EndGlobalSection
	GlobalSection(ExtensibilityGlobals) = postSolution
		SolutionGuid = {BF423A23-009B-474C-AFDA-83BE3D2DD44F}
	EndGlobalSection
EndGlobal
